{
  "version": 4,
  "terraform_version": "1.0.4",
  "serial": 459,
  "lineage": "db064650-9fe8-85af-f474-e426aee6cea0",
  "outputs": {
    "vcn_cidr": {
      "value": "172.16.0.0/20",
      "type": "string"
    },
    "vcn_state": {
      "value": "AVAILABLE",
      "type": "string"
    }
  },
  "resources": [
    {
      "mode": "data",
      "type": "oci_identity_availability_domains",
      "name": "ads",
      "provider": "provider[\"registry.terraform.io/hashicorp/oci\"]",
      "instances": [
        {
          "schema_version": 0,
          "attributes": {
            "availability_domains": [
              {
                "compartment_id": "ocid1.tenancy.oc1..aaaaaaaa722upqzuunb47ow4mb77fi4u557mga2qmjz3by4quyhuiiw6aowa",
                "id": "ocid1.availabilitydomain.oc1..aaaaaaaaqnfxrjivkxya4njkefe2dgbfwua6mxpvzhqal6zzekgsvjchoyjq",
                "name": "vKVt:AP-MUMBAI-1-AD-1"
              }
            ],
            "compartment_id": "ocid1.tenancy.oc1..aaaaaaaa722upqzuunb47ow4mb77fi4u557mga2qmjz3by4quyhuiiw6aowa",
            "filter": null,
            "id": "IdentityAvailabilityDomainsDataSource-3057427133"
          },
          "sensitive_attributes": []
        }
      ]
    },
    {
      "mode": "managed",
      "type": "oci_core_default_security_list",
      "name": "my_tf_created_sec_list",
      "provider": "provider[\"registry.terraform.io/hashicorp/oci\"]",
      "instances": [
        {
          "schema_version": 0,
          "attributes": {
            "compartment_id": "ocid1.tenancy.oc1..aaaaaaaa722upqzuunb47ow4mb77fi4u557mga2qmjz3by4quyhuiiw6aowa",
            "defined_tags": {
              "Oracle-Tags.CreatedBy": "oracleidentitycloudservice/trickypalash@gmail.com",
              "Oracle-Tags.CreatedOn": "2021-08-21T14:36:36.227Z"
            },
            "display_name": "terraform created security list",
            "egress_security_rules": [
              {
                "description": "allow all outbound traffi",
                "destination": "0.0.0.0/0",
                "destination_type": "CIDR_BLOCK",
                "icmp_options": [],
                "protocol": "all",
                "stateless": false,
                "tcp_options": [],
                "udp_options": []
              }
            ],
            "freeform_tags": {},
            "id": "ocid1.securitylist.oc1.ap-mumbai-1.aaaaaaaatlnu3bkagdcds3csu3bvztqigdqillzehrgp3atqas54rmh3qf2q",
            "ingress_security_rules": [
              {
                "description": "allow private subnets",
                "icmp_options": [],
                "protocol": "6",
                "source": "10.0.0.0/8",
                "source_type": "CIDR_BLOCK",
                "stateless": false,
                "tcp_options": [],
                "udp_options": []
              },
              {
                "description": "allow tcp port 22 for ssh",
                "icmp_options": [],
                "protocol": "6",
                "source": "0.0.0.0/0",
                "source_type": "CIDR_BLOCK",
                "stateless": false,
                "tcp_options": [
                  {
                    "max": 22,
                    "min": 22,
                    "source_port_range": []
                  }
                ],
                "udp_options": []
              },
              {
                "description": "allow tcp port 22 for ssh",
                "icmp_options": [],
                "protocol": "6",
                "source": "172.16.0.0/20",
                "source_type": "CIDR_BLOCK",
                "stateless": false,
                "tcp_options": [],
                "udp_options": []
              },
              {
                "description": "allow tcp port 80",
                "icmp_options": [],
                "protocol": "6",
                "source": "0.0.0.0/0",
                "source_type": "CIDR_BLOCK",
                "stateless": false,
                "tcp_options": [
                  {
                    "max": 80,
                    "min": 80,
                    "source_port_range": []
                  }
                ],
                "udp_options": []
              }
            ],
            "manage_default_resource_id": "ocid1.securitylist.oc1.ap-mumbai-1.aaaaaaaatlnu3bkagdcds3csu3bvztqigdqillzehrgp3atqas54rmh3qf2q",
            "state": "AVAILABLE",
            "time_created": "2021-08-21 14:36:36.33 +0000 UTC",
            "timeouts": null
          },
          "sensitive_attributes": [],
          "private": "eyJlMmJmYjczMC1lY2FhLTExZTYtOGY4OC0zNDM2M2JjN2M0YzAiOnsiY3JlYXRlIjoxMjAwMDAwMDAwMDAwLCJkZWxldGUiOjEyMDAwMDAwMDAwMDAsInVwZGF0ZSI6MTIwMDAwMDAwMDAwMH19",
          "dependencies": [
            "oci_core_vcn.internal"
          ]
        }
      ]
    },
    {
      "mode": "managed",
      "type": "oci_core_internet_gateway",
      "name": "my_ig_gateway",
      "provider": "provider[\"registry.terraform.io/hashicorp/oci\"]",
      "instances": [
        {
          "schema_version": 0,
          "attributes": {
            "compartment_id": "ocid1.tenancy.oc1..aaaaaaaa722upqzuunb47ow4mb77fi4u557mga2qmjz3by4quyhuiiw6aowa",
            "defined_tags": {
              "Oracle-Tags.CreatedBy": "oracleidentitycloudservice/trickypalash@gmail.com",
              "Oracle-Tags.CreatedOn": "2021-08-21T14:36:36.998Z"
            },
            "display_name": "internetgateway20210821143637",
            "enabled": true,
            "freeform_tags": {},
            "id": "ocid1.internetgateway.oc1.ap-mumbai-1.aaaaaaaaildbricx3p2tfvitoqfmndegesrlftdiuwxe65wdfsu6srqhjgpa",
            "state": "AVAILABLE",
            "time_created": "2021-08-21 14:36:37.034 +0000 UTC",
            "timeouts": null,
            "vcn_id": "ocid1.vcn.oc1.ap-mumbai-1.amaaaaaapzg7azia3aoam4rwfbfhykutkw6hrtwuolrfsvchlotcrfdjv7ja"
          },
          "sensitive_attributes": [],
          "private": "eyJlMmJmYjczMC1lY2FhLTExZTYtOGY4OC0zNDM2M2JjN2M0YzAiOnsiY3JlYXRlIjoxMjAwMDAwMDAwMDAwLCJkZWxldGUiOjEyMDAwMDAwMDAwMDAsInVwZGF0ZSI6MTIwMDAwMDAwMDAwMH19",
          "dependencies": [
            "oci_core_vcn.internal"
          ]
        }
      ]
    },
    {
      "mode": "managed",
      "type": "oci_core_route_table",
      "name": "my_route_table",
      "provider": "provider[\"registry.terraform.io/hashicorp/oci\"]",
      "instances": [
        {
          "schema_version": 0,
          "attributes": {
            "compartment_id": "ocid1.tenancy.oc1..aaaaaaaa722upqzuunb47ow4mb77fi4u557mga2qmjz3by4quyhuiiw6aowa",
            "defined_tags": {
              "Oracle-Tags.CreatedBy": "oracleidentitycloudservice/trickypalash@gmail.com",
              "Oracle-Tags.CreatedOn": "2021-08-21T14:36:37.739Z"
            },
            "display_name": "terraform created route table",
            "freeform_tags": {},
            "id": "ocid1.routetable.oc1.ap-mumbai-1.aaaaaaaalfmg33z4m4xhmkzgwmyv7c66vkhbo56lw6443b3oenjzuf7nfnbq",
            "route_rules": [
              {
                "cidr_block": "",
                "description": "allow traffic from internet",
                "destination": "0.0.0.0/0",
                "destination_type": "CIDR_BLOCK",
                "network_entity_id": "ocid1.internetgateway.oc1.ap-mumbai-1.aaaaaaaaildbricx3p2tfvitoqfmndegesrlftdiuwxe65wdfsu6srqhjgpa"
              }
            ],
            "state": "AVAILABLE",
            "time_created": "2021-08-21 14:36:37.76 +0000 UTC",
            "timeouts": null,
            "vcn_id": "ocid1.vcn.oc1.ap-mumbai-1.amaaaaaapzg7azia3aoam4rwfbfhykutkw6hrtwuolrfsvchlotcrfdjv7ja"
          },
          "sensitive_attributes": [],
          "private": "eyJlMmJmYjczMC1lY2FhLTExZTYtOGY4OC0zNDM2M2JjN2M0YzAiOnsiY3JlYXRlIjoxMjAwMDAwMDAwMDAwLCJkZWxldGUiOjEyMDAwMDAwMDAwMDAsInVwZGF0ZSI6MTIwMDAwMDAwMDAwMH19",
          "dependencies": [
            "oci_core_internet_gateway.my_ig_gateway",
            "oci_core_vcn.internal"
          ]
        }
      ]
    },
    {
      "mode": "managed",
      "type": "oci_core_route_table_attachment",
      "name": "test_route_table_attachment",
      "provider": "provider[\"registry.terraform.io/hashicorp/oci\"]",
      "instances": []
    },
    {
      "mode": "managed",
      "type": "oci_core_subnet",
      "name": "dev",
      "provider": "provider[\"registry.terraform.io/hashicorp/oci\"]",
      "instances": [
        {
          "schema_version": 0,
          "attributes": {
            "availability_domain": null,
            "cidr_block": "172.16.0.0/24",
            "compartment_id": "ocid1.tenancy.oc1..aaaaaaaa722upqzuunb47ow4mb77fi4u557mga2qmjz3by4quyhuiiw6aowa",
            "defined_tags": {
              "Oracle-Tags.CreatedBy": "oracleidentitycloudservice/trickypalash@gmail.com",
              "Oracle-Tags.CreatedOn": "2021-08-21T14:36:37.221Z"
            },
            "dhcp_options_id": "ocid1.dhcpoptions.oc1.ap-mumbai-1.aaaaaaaaelk7paldyhxshtguod4zuqfpr7iqlibblmqo3nirfk34lw43p4ra",
            "display_name": "Dev subnet zzz",
            "dns_label": "dev",
            "freeform_tags": {},
            "id": "ocid1.subnet.oc1.ap-mumbai-1.aaaaaaaaf646pkgnvfxreu5dod7zzt65rqezb4yquzreku3zc3ubo5ko2srq",
            "ipv6cidr_block": null,
            "ipv6virtual_router_ip": null,
            "prohibit_internet_ingress": false,
            "prohibit_public_ip_on_vnic": false,
            "route_table_id": "ocid1.routetable.oc1.ap-mumbai-1.aaaaaaaasengl7vla4um4zinyohi22u3nip3fakv6lg3bgdmlaxhou5xitra",
            "security_list_ids": [
              "ocid1.securitylist.oc1.ap-mumbai-1.aaaaaaaatlnu3bkagdcds3csu3bvztqigdqillzehrgp3atqas54rmh3qf2q"
            ],
            "state": "AVAILABLE",
            "subnet_domain_name": "dev.internal.oraclevcn.com",
            "time_created": "2021-08-21 14:36:37.261 +0000 UTC",
            "timeouts": null,
            "vcn_id": "ocid1.vcn.oc1.ap-mumbai-1.amaaaaaapzg7azia3aoam4rwfbfhykutkw6hrtwuolrfsvchlotcrfdjv7ja",
            "virtual_router_ip": "172.16.0.1",
            "virtual_router_mac": "00:00:17:D8:D2:FE"
          },
          "sensitive_attributes": [],
          "private": "eyJlMmJmYjczMC1lY2FhLTExZTYtOGY4OC0zNDM2M2JjN2M0YzAiOnsiY3JlYXRlIjoxMjAwMDAwMDAwMDAwLCJkZWxldGUiOjEyMDAwMDAwMDAwMDAsInVwZGF0ZSI6MTIwMDAwMDAwMDAwMH19",
          "dependencies": [
            "oci_core_vcn.internal"
          ]
        }
      ]
    },
    {
      "mode": "managed",
      "type": "oci_core_vcn",
      "name": "internal",
      "provider": "provider[\"registry.terraform.io/hashicorp/oci\"]",
      "instances": [
        {
          "schema_version": 0,
          "attributes": {
            "cidr_block": "172.16.0.0/20",
            "cidr_blocks": [
              "172.16.0.0/20"
            ],
            "compartment_id": "ocid1.tenancy.oc1..aaaaaaaa722upqzuunb47ow4mb77fi4u557mga2qmjz3by4quyhuiiw6aowa",
            "default_dhcp_options_id": "ocid1.dhcpoptions.oc1.ap-mumbai-1.aaaaaaaaelk7paldyhxshtguod4zuqfpr7iqlibblmqo3nirfk34lw43p4ra",
            "default_route_table_id": "ocid1.routetable.oc1.ap-mumbai-1.aaaaaaaasengl7vla4um4zinyohi22u3nip3fakv6lg3bgdmlaxhou5xitra",
            "default_security_list_id": "ocid1.securitylist.oc1.ap-mumbai-1.aaaaaaaatlnu3bkagdcds3csu3bvztqigdqillzehrgp3atqas54rmh3qf2q",
            "defined_tags": {
              "Oracle-Tags.CreatedBy": "oracleidentitycloudservice/trickypalash@gmail.com",
              "Oracle-Tags.CreatedOn": "2021-08-21T14:36:36.227Z"
            },
            "display_name": "My internal VCN",
            "dns_label": "internal",
            "freeform_tags": {},
            "id": "ocid1.vcn.oc1.ap-mumbai-1.amaaaaaapzg7azia3aoam4rwfbfhykutkw6hrtwuolrfsvchlotcrfdjv7ja",
            "ipv6cidr_blocks": [],
            "is_ipv6enabled": false,
            "state": "AVAILABLE",
            "time_created": "2021-08-21 14:36:36.33 +0000 UTC",
            "timeouts": null,
            "vcn_domain_name": "internal.oraclevcn.com"
          },
          "sensitive_attributes": [],
          "private": "eyJlMmJmYjczMC1lY2FhLTExZTYtOGY4OC0zNDM2M2JjN2M0YzAiOnsiY3JlYXRlIjoxMjAwMDAwMDAwMDAwLCJkZWxldGUiOjEyMDAwMDAwMDAwMDAsInVwZGF0ZSI6MTIwMDAwMDAwMDAwMH19"
        }
      ]
    }
  ]
}
